
Microsoft Visual Studio Solution File, Format Version 12.00
# Visual Studio Version 16
VisualStudioVersion = 16.0.34031.81
MinimumVisualStudioVersion = 10.0.40219.1
Project("{2150E333-8FDC-42A3-9474-1A3956D46DE8}") = "Task0", "Task0", "{BA7FF3AF-8C80-40A0-8835-50A4882049CE}"
EndProject
Project("{FAE04EC0-301F-11D3-BF4B-00C04F79EFBC}") = "Tyuiu.FominIN.Sprint5.Task0.V18", "Tyuiu.FominIN.Sprint5.Task0.V18\Tyuiu.FominIN.Sprint5.Task0.V18.csproj", "{903FFFAA-5CE0-4472-8FB6-BB9B7E8A8FC4}"
EndProject
Project("{FAE04EC0-301F-11D3-BF4B-00C04F79EFBC}") = "Tyuiu.FominIN.Sprint5.Task0.V18.Lib", "Tyuiu.FominIN.Sprint5.Task0.V18.Lib\Tyuiu.FominIN.Sprint5.Task0.V18.Lib.csproj", "{8551EC98-A2F1-4D32-9971-0C36F77969EE}"
EndProject
Project("{FAE04EC0-301F-11D3-BF4B-00C04F79EFBC}") = "Tyuiu.FominIN.Sprint5.Task0.V18.Test", "Tyuiu.FominIN.Sprint5.Task0.V18.Test\Tyuiu.FominIN.Sprint5.Task0.V18.Test.csproj", "{9DE94F38-4BBB-47E1-B021-E0FBE1843F75}"
EndProject
Project("{2150E333-8FDC-42A3-9474-1A3956D46DE8}") = "Task1", "Task1", "{AE9D3C19-0EAC-42BE-973F-87D9CC8E702D}"
EndProject
Project("{FAE04EC0-301F-11D3-BF4B-00C04F79EFBC}") = "Tyuiu.FominIN.Sprint5.Task1.V4", "Tyuiu.FominIN.Sprint5.Task1.V4\Tyuiu.FominIN.Sprint5.Task1.V4.csproj", "{CA614574-3AB2-4864-92C7-F3D0827A2C46}"
EndProject
Project("{FAE04EC0-301F-11D3-BF4B-00C04F79EFBC}") = "Tyuiu.FominIN.Sprint5.Task1.V4.Lib", "Tyuiu.FominIN.Sprint5.Task1.V4.Lib\Tyuiu.FominIN.Sprint5.Task1.V4.Lib.csproj", "{B1705403-8E1C-4686-ADB0-CE01CFDEF5C7}"
EndProject
Project("{FAE04EC0-301F-11D3-BF4B-00C04F79EFBC}") = "Tyuiu.FominIN.Sprint5.Task1.V4.Test", "Tyuiu.FominIN.Sprint5.Task1.V4.Test\Tyuiu.FominIN.Sprint5.Task1.V4.Test.csproj", "{C941E8DA-32E4-4D1D-9C64-BBC027D5ACB2}"
EndProject
Project("{2150E333-8FDC-42A3-9474-1A3956D46DE8}") = "Task2", "Task2", "{DD045995-4223-4131-B018-A456F8078EB5}"
EndProject
Project("{FAE04EC0-301F-11D3-BF4B-00C04F79EFBC}") = "Tyuiu.FominIN.Sprint5.Task2.V29", "Tyuiu.FominIN.Sprint5.Task2.V29\Tyuiu.FominIN.Sprint5.Task2.V29.csproj", "{DAFE948A-FDDF-4512-A727-4802BBE837EC}"
EndProject
Project("{FAE04EC0-301F-11D3-BF4B-00C04F79EFBC}") = "Tyuiu.FominIN.Sprint5.Task2.V29.Lib", "Tyuiu.FominIN.Sprint5.Task2.V29.Lib\Tyuiu.FominIN.Sprint5.Task2.V29.Lib.csproj", "{E9239979-4ED3-43E0-A344-FD6A7A56ED55}"
EndProject
Project("{FAE04EC0-301F-11D3-BF4B-00C04F79EFBC}") = "Tyuiu.FominIN.Sprint5.Task2.V29.Test", "Tyuiu.FominIN.Sprint5.Task2.V29.Test\Tyuiu.FominIN.Sprint5.Task2.V29.Test.csproj", "{6852F1CA-F0DE-460D-9246-DC6E3E5A7410}"
EndProject
Global
	GlobalSection(SolutionConfigurationPlatforms) = preSolution
		Debug|Any CPU = Debug|Any CPU
		Release|Any CPU = Release|Any CPU
	EndGlobalSection
	GlobalSection(ProjectConfigurationPlatforms) = postSolution
		{903FFFAA-5CE0-4472-8FB6-BB9B7E8A8FC4}.Debug|Any CPU.ActiveCfg = Debug|Any CPU
		{903FFFAA-5CE0-4472-8FB6-BB9B7E8A8FC4}.Debug|Any CPU.Build.0 = Debug|Any CPU
		{903FFFAA-5CE0-4472-8FB6-BB9B7E8A8FC4}.Release|Any CPU.ActiveCfg = Release|Any CPU
		{903FFFAA-5CE0-4472-8FB6-BB9B7E8A8FC4}.Release|Any CPU.Build.0 = Release|Any CPU
		{8551EC98-A2F1-4D32-9971-0C36F77969EE}.Debug|Any CPU.ActiveCfg = Debug|Any CPU
		{8551EC98-A2F1-4D32-9971-0C36F77969EE}.Debug|Any CPU.Build.0 = Debug|Any CPU
		{8551EC98-A2F1-4D32-9971-0C36F77969EE}.Release|Any CPU.ActiveCfg = Release|Any CPU
		{8551EC98-A2F1-4D32-9971-0C36F77969EE}.Release|Any CPU.Build.0 = Release|Any CPU
		{9DE94F38-4BBB-47E1-B021-E0FBE1843F75}.Debug|Any CPU.ActiveCfg = Debug|Any CPU
		{9DE94F38-4BBB-47E1-B021-E0FBE1843F75}.Debug|Any CPU.Build.0 = Debug|Any CPU
		{9DE94F38-4BBB-47E1-B021-E0FBE1843F75}.Release|Any CPU.ActiveCfg = Release|Any CPU
		{9DE94F38-4BBB-47E1-B021-E0FBE1843F75}.Release|Any CPU.Build.0 = Release|Any CPU
		{CA614574-3AB2-4864-92C7-F3D0827A2C46}.Debug|Any CPU.ActiveCfg = Debug|Any CPU
		{CA614574-3AB2-4864-92C7-F3D0827A2C46}.Debug|Any CPU.Build.0 = Debug|Any CPU
		{CA614574-3AB2-4864-92C7-F3D0827A2C46}.Release|Any CPU.ActiveCfg = Release|Any CPU
		{CA614574-3AB2-4864-92C7-F3D0827A2C46}.Release|Any CPU.Build.0 = Release|Any CPU
		{B1705403-8E1C-4686-ADB0-CE01CFDEF5C7}.Debug|Any CPU.ActiveCfg = Debug|Any CPU
		{B1705403-8E1C-4686-ADB0-CE01CFDEF5C7}.Debug|Any CPU.Build.0 = Debug|Any CPU
		{B1705403-8E1C-4686-ADB0-CE01CFDEF5C7}.Release|Any CPU.ActiveCfg = Release|Any CPU
		{B1705403-8E1C-4686-ADB0-CE01CFDEF5C7}.Release|Any CPU.Build.0 = Release|Any CPU
		{C941E8DA-32E4-4D1D-9C64-BBC027D5ACB2}.Debug|Any CPU.ActiveCfg = Debug|Any CPU
		{C941E8DA-32E4-4D1D-9C64-BBC027D5ACB2}.Debug|Any CPU.Build.0 = Debug|Any CPU
		{C941E8DA-32E4-4D1D-9C64-BBC027D5ACB2}.Release|Any CPU.ActiveCfg = Release|Any CPU
		{C941E8DA-32E4-4D1D-9C64-BBC027D5ACB2}.Release|Any CPU.Build.0 = Release|Any CPU
		{DAFE948A-FDDF-4512-A727-4802BBE837EC}.Debug|Any CPU.ActiveCfg = Debug|Any CPU
		{DAFE948A-FDDF-4512-A727-4802BBE837EC}.Debug|Any CPU.Build.0 = Debug|Any CPU
		{DAFE948A-FDDF-4512-A727-4802BBE837EC}.Release|Any CPU.ActiveCfg = Release|Any CPU
		{DAFE948A-FDDF-4512-A727-4802BBE837EC}.Release|Any CPU.Build.0 = Release|Any CPU
		{E9239979-4ED3-43E0-A344-FD6A7A56ED55}.Debug|Any CPU.ActiveCfg = Debug|Any CPU
		{E9239979-4ED3-43E0-A344-FD6A7A56ED55}.Debug|Any CPU.Build.0 = Debug|Any CPU
		{E9239979-4ED3-43E0-A344-FD6A7A56ED55}.Release|Any CPU.ActiveCfg = Release|Any CPU
		{E9239979-4ED3-43E0-A344-FD6A7A56ED55}.Release|Any CPU.Build.0 = Release|Any CPU
		{6852F1CA-F0DE-460D-9246-DC6E3E5A7410}.Debug|Any CPU.ActiveCfg = Debug|Any CPU
		{6852F1CA-F0DE-460D-9246-DC6E3E5A7410}.Debug|Any CPU.Build.0 = Debug|Any CPU
		{6852F1CA-F0DE-460D-9246-DC6E3E5A7410}.Release|Any CPU.ActiveCfg = Release|Any CPU
		{6852F1CA-F0DE-460D-9246-DC6E3E5A7410}.Release|Any CPU.Build.0 = Release|Any CPU
	EndGlobalSection
	GlobalSection(SolutionProperties) = preSolution
		HideSolutionNode = FALSE
	EndGlobalSection
	GlobalSection(NestedProjects) = preSolution
		{903FFFAA-5CE0-4472-8FB6-BB9B7E8A8FC4} = {BA7FF3AF-8C80-40A0-8835-50A4882049CE}
		{8551EC98-A2F1-4D32-9971-0C36F77969EE} = {BA7FF3AF-8C80-40A0-8835-50A4882049CE}
		{9DE94F38-4BBB-47E1-B021-E0FBE1843F75} = {BA7FF3AF-8C80-40A0-8835-50A4882049CE}
		{CA614574-3AB2-4864-92C7-F3D0827A2C46} = {AE9D3C19-0EAC-42BE-973F-87D9CC8E702D}
		{B1705403-8E1C-4686-ADB0-CE01CFDEF5C7} = {AE9D3C19-0EAC-42BE-973F-87D9CC8E702D}
		{C941E8DA-32E4-4D1D-9C64-BBC027D5ACB2} = {AE9D3C19-0EAC-42BE-973F-87D9CC8E702D}
		{DAFE948A-FDDF-4512-A727-4802BBE837EC} = {DD045995-4223-4131-B018-A456F8078EB5}
		{E9239979-4ED3-43E0-A344-FD6A7A56ED55} = {DD045995-4223-4131-B018-A456F8078EB5}
		{6852F1CA-F0DE-460D-9246-DC6E3E5A7410} = {DD045995-4223-4131-B018-A456F8078EB5}
	EndGlobalSection
	GlobalSection(ExtensibilityGlobals) = postSolution
		SolutionGuid = {A258688E-837D-4831-B0F0-DA43CCFAD5AE}
	EndGlobalSection
EndGlobal
